
Microsoft Visual Studio Solution File, Format Version 12.00
# Visual Studio Version 16
VisualStudioVersion = 16.0.28803.452
MinimumVisualStudioVersion = 10.0.40219.1
Project("{FAE04EC0-301F-11D3-BF4B-00C04F79EFBC}") = "InsertPublisherApp", "InsertPublisherApp.csproj", "{15F5A009-CFFA-4B4E-8CE3-55D94036ED5E}"
EndProject
Project("{FAE04EC0-301F-11D3-BF4B-00C04F79EFBC}") = "SummaryPublisherApp", "..\SummaryPublisherApp\SummaryPublisherApp.csproj", "{42209B60-CB73-4AD0-878D-F50439256339}"
EndProject
Global
	GlobalSection(SolutionConfigurationPlatforms) = preSolution
		Debug|Any CPU = Debug|Any CPU
		Release|Any CPU = Release|Any CPU
	EndGlobalSection
	GlobalSection(ProjectConfigurationPlatforms) = postSolution
		{15F5A009-CFFA-4B4E-8CE3-55D94036ED5E}.Debug|Any CPU.ActiveCfg = Debug|Any CPU
		{15F5A009-CFFA-4B4E-8CE3-55D94036ED5E}.Debug|Any CPU.Build.0 = Debug|Any CPU
		{15F5A009-CFFA-4B4E-8CE3-55D94036ED5E}.Release|Any CPU.ActiveCfg = Release|Any CPU
		{15F5A009-CFFA-4B4E-8CE3-55D94036ED5E}.Release|Any CPU.Build.0 = Release|Any CPU
		{42209B60-CB73-4AD0-878D-F50439256339}.Debug|Any CPU.ActiveCfg = Debug|Any CPU
		{42209B60-CB73-4AD0-878D-F50439256339}.Debug|Any CPU.Build.0 = Debug|Any CPU
		{42209B60-CB73-4AD0-878D-F50439256339}.Release|Any CPU.ActiveCfg = Release|Any CPU
		{42209B60-CB73-4AD0-878D-F50439256339}.Release|Any CPU.Build.0 = Release|Any CPU
	EndGlobalSection
	GlobalSection(SolutionProperties) = preSolution
		HideSolutionNode = FALSE
	EndGlobalSection
	GlobalSection(ExtensibilityGlobals) = postSolution
		SolutionGuid = {A67E561E-C365-4F1A-B276-EA4A6681A9FA}
	EndGlobalSection
EndGlobal
